{
  "name": "ConnectMe",
  "version": "0.0.1",
  "lockfileVersion": 1,
  "dependencies": {
    "react-native-fcm": {
      "version": "7.0.3",
      "resolved": "https://registry.npmjs.org/react-native-fcm/-/react-native-fcm-7.0.3.tgz",
      "integrity": "sha1-MRgLVWKoHqvsHXXC0GuAaqYc0Pw="
    }
  }
}
