PODS:
  - ConnectMeIndy (0.0.24):
    - libindy-objc (~> 1.1.1)
    - MPMessagePack (~> 1.4.3)
    - OpenSSL-Universal (~> 1.0.1.16)
  - Firebase/Core (4.8.0):
    - FirebaseAnalytics (= 4.0.5)
    - FirebaseCore (= 4.0.13)
  - Firebase/Messaging (4.8.0):
    - Firebase/Core
    - FirebaseMessaging (= 2.0.8)
  - FirebaseAnalytics (4.0.5):
    - FirebaseCore (~> 4.0)
    - FirebaseInstanceID (~> 2.0)
    - GoogleToolboxForMac/NSData+zlib (~> 2.1)
    - nanopb (~> 0.3)
  - FirebaseCore (4.0.13):
    - GoogleToolboxForMac/NSData+zlib (~> 2.1)
  - FirebaseInstanceID (2.0.8):
    - FirebaseCore (~> 4.0)
  - FirebaseMessaging (2.0.8):
    - FirebaseAnalytics (~> 4.0)
    - FirebaseCore (~> 4.0)
    - FirebaseInstanceID (~> 2.0)
    - GoogleToolboxForMac/Logger (~> 2.1)
    - Protobuf (~> 3.1)
  - GHODictionary (1.1.0)
  - GoogleToolboxForMac/Defines (2.1.3)
  - GoogleToolboxForMac/Logger (2.1.3):
    - GoogleToolboxForMac/Defines (= 2.1.3)
  - GoogleToolboxForMac/NSData+zlib (2.1.3):
    - GoogleToolboxForMac/Defines (= 2.1.3)
  - libindy-objc (1.1.1)
  - MPMessagePack (1.4.3):
    - GHODictionary
  - nanopb (0.3.8):
    - nanopb/decode (= 0.3.8)
    - nanopb/encode (= 0.3.8)
  - nanopb/decode (0.3.8)
  - nanopb/encode (0.3.8)
  - OpenSSL-Universal (1.0.1.20)
  - Protobuf (3.5.0)

DEPENDENCIES:
  - ConnectMeIndy (= 0.0.24)
  - Firebase/Messaging

SPEC CHECKSUMS:
  ConnectMeIndy: a94a293a6ea4fcce609a4928535345fb26593ba6
  Firebase: 710decbbc6d9d48530e9a5dba3209740c3532e05
  FirebaseAnalytics: 5b02a63ead2c3f0259cfc7f15e053e440587ecf8
  FirebaseCore: 3c02ec652db3d03fdc8bc6d9154af3e20d64b6f5
  FirebaseInstanceID: 81df5805a08001e69138664bdd02c6719a9ac80f
  FirebaseMessaging: dfdcd307c2382290a1e297a81d0f18370f5b1bcd
  GHODictionary: 225e042596a4b3d5b66b2b24250086b2f95514af
  GoogleToolboxForMac: 2501e2ad72a52eb3dfe7bd9aee7dad11b858bd20
  libindy-objc: bee1cfce0d4183e6f515a8d0b78916a09f42d304
  MPMessagePack: 6dc3a4b93bfdc7cdafcb64de62e2adc50cd99880
  nanopb: 5601e6bca2dbf1ed831b519092ec110f66982ca3
  OpenSSL-Universal: 71f2c4b2ae758e2218090f905e95ca0ac5c01be7
  Protobuf: 8a9838fba8dae3389230e1b7f8c104aa32389c03

PODFILE CHECKSUM: 37a6d07514a9f8d5cdabb77b6f03655413043ff5

COCOAPODS: 1.3.1
